
Microsoft Visual Studio Solution File, Format Version 12.00
# Visual Studio Version 16
VisualStudioVersion = 16.0.31729.503
MinimumVisualStudioVersion = 10.0.40219.1
Project("{8BC9CEB8-8B4A-11D0-8D11-00A0C91BC942}") = "Projekt- Gra", "Projekt- Gra\Projekt- Gra.vcxproj", "{8CF3E45C-A06C-45A9-8219-43A9A49965DF}"
EndProject
Global
	GlobalSection(SolutionConfigurationPlatforms) = preSolution
		Debug|x64 = Debug|x64
		Debug|x86 = Debug|x86
		Release|x64 = Release|x64
		Release|x86 = Release|x86
	EndGlobalSection
	GlobalSection(ProjectConfigurationPlatforms) = postSolution
		{8CF3E45C-A06C-45A9-8219-43A9A49965DF}.Debug|x64.ActiveCfg = Debug|x64
		{8CF3E45C-A06C-45A9-8219-43A9A49965DF}.Debug|x64.Build.0 = Debug|x64
		{8CF3E45C-A06C-45A9-8219-43A9A49965DF}.Debug|x86.ActiveCfg = Debug|Win32
		{8CF3E45C-A06C-45A9-8219-43A9A49965DF}.Debug|x86.Build.0 = Debug|Win32
		{8CF3E45C-A06C-45A9-8219-43A9A49965DF}.Release|x64.ActiveCfg = Release|x64
		{8CF3E45C-A06C-45A9-8219-43A9A49965DF}.Release|x64.Build.0 = Release|x64
		{8CF3E45C-A06C-45A9-8219-43A9A49965DF}.Release|x86.ActiveCfg = Release|Win32
		{8CF3E45C-A06C-45A9-8219-43A9A49965DF}.Release|x86.Build.0 = Release|Win32
	EndGlobalSection
	GlobalSection(SolutionProperties) = preSolution
		HideSolutionNode = FALSE
	EndGlobalSection
	GlobalSection(ExtensibilityGlobals) = postSolution
		SolutionGuid = {798E1C72-96F5-4861-9D6A-1B2F3378210B}
	EndGlobalSection
EndGlobal
